
Microsoft Visual Studio Solution File, Format Version 12.00
# Visual Studio Version 16
VisualStudioVersion = 16.0.32106.194
MinimumVisualStudioVersion = 10.0.40219.1
Project("{FAE04EC0-301F-11D3-BF4B-00C04F79EFBC}") = "Lab9", "Lab9\Lab9.csproj", "{AB80512E-92FE-4927-8081-526E0904D478}"
EndProject
Global
	GlobalSection(SolutionConfigurationPlatforms) = preSolution
		Debug|Any CPU = Debug|Any CPU
		Release|Any CPU = Release|Any CPU
	EndGlobalSection
	GlobalSection(ProjectConfigurationPlatforms) = postSolution
		{AB80512E-92FE-4927-8081-526E0904D478}.Debug|Any CPU.ActiveCfg = Debug|Any CPU
		{AB80512E-92FE-4927-8081-526E0904D478}.Debug|Any CPU.Build.0 = Debug|Any CPU
		{AB80512E-92FE-4927-8081-526E0904D478}.Release|Any CPU.ActiveCfg = Release|Any CPU
		{AB80512E-92FE-4927-8081-526E0904D478}.Release|Any CPU.Build.0 = Release|Any CPU
	EndGlobalSection
	GlobalSection(SolutionProperties) = preSolution
		HideSolutionNode = FALSE
	EndGlobalSection
	GlobalSection(ExtensibilityGlobals) = postSolution
		SolutionGuid = {39509E90-D5B4-4690-8641-7679788DB5E9}
	EndGlobalSection
EndGlobal
